{"SurveyEntry":{"SurveyID":"SV_1QX9Se03fzIvRWZ","SurveyName":"Question\u00e1rio S\u00f3cio-Hist\u00f3rico","SurveyDescription":null,"SurveyOwnerID":"UR_6hwyTQyOrdNsnXv","SurveyBrandID":"fgvspmarketing","DivisionID":null,"SurveyLanguage":"EN","SurveyActiveResponseSet":"RS_dgsnbqtts12f5nn","SurveyStatus":"Active","SurveyStartDate":"0000-00-00 00:00:00","SurveyExpirationDate":"0000-00-00 00:00:00","SurveyCreationDate":"2019-02-11 21:02:46","CreatorID":"UR_6hwyTQyOrdNsnXv","LastModified":"2019-02-13 10:43:53","LastAccessed":"0000-00-00 00:00:00","LastActivated":"2019-02-12 15:02:02","Deleted":null},"SurveyElements":[{"SurveyID":"SV_1QX9Se03fzIvRWZ","Element":"BL","PrimaryAttribute":"Survey Blocks","SecondaryAttribute":null,"TertiaryAttribute":null,"Payload":[{"Type":"Default","Description":"Default Question Block","ID":"BL_1ANNRT4KDf05Ii1","BlockElements":[{"Type":"Question","QuestionID":"QID29"},{"Type":"Question","QuestionID":"QID6"},{"Type":"Question","QuestionID":"QID8"},{"Type":"Question","QuestionID":"QID9"},{"Type":"Question","QuestionID":"QID10"},{"Type":"Question","QuestionID":"QID11"},{"Type":"Question","QuestionID":"QID12"},{"Type":"Question","QuestionID":"QID13"},{"Type":"Question","QuestionID":"QID14"},{"Type":"Question","QuestionID":"QID15"},{"Type":"Question","QuestionID":"QID16"},{"Type":"Question","QuestionID":"QID17"},{"Type":"Question","QuestionID":"QID18"},{"Type":"Question","QuestionID":"QID19"},{"Type":"Question","QuestionID":"QID20"},{"Type":"Question","QuestionID":"QID22"},{"Type":"Question","QuestionID":"QID23"}],"Options":{"BlockLocking":"false","RandomizeQuestions":"false","BlockVisibility":"Expanded"}},{"Type":"Trash","Description":"Trash \/ Unused Questions","ID":"BL_ey9M9Ef1e6Tq5o1","BlockElements":[{"Type":"Question","QuestionID":"QID30"},{"Type":"Question","QuestionID":"QID32"},{"Type":"Question","QuestionID":"QID50"},{"Type":"Question","QuestionID":"QID66"},{"Type":"Question","QuestionID":"QID21"}]},{"Type":"Standard","SubType":"","Description":"Block 1","ID":"BL_0HtpzbsVDng6pOl","BlockElements":[{"Type":"Question","QuestionID":"QID31"},{"Type":"Question","QuestionID":"QID33"},{"Type":"Question","QuestionID":"QID34"},{"Type":"Question","QuestionID":"QID35"},{"Type":"Question","QuestionID":"QID36"},{"Type":"Question","QuestionID":"QID37"},{"Type":"Question","QuestionID":"QID38"},{"Type":"Question","QuestionID":"QID39"},{"Type":"Question","QuestionID":"QID40"},{"Type":"Question","QuestionID":"QID41"},{"Type":"Question","QuestionID":"QID42"},{"Type":"Question","QuestionID":"QID43"},{"Type":"Question","QuestionID":"QID44"},{"Type":"Question","QuestionID":"QID45"},{"Type":"Question","QuestionID":"QID46"},{"Type":"Question","QuestionID":"QID47"},{"Type":"Question","QuestionID":"QID48"},{"Type":"Question","QuestionID":"QID49"},{"Type":"Question","QuestionID":"QID51"},{"Type":"Question","QuestionID":"QID52"},{"Type":"Question","QuestionID":"QID53"},{"Type":"Question","QuestionID":"QID54"},{"Type":"Question","QuestionID":"QID55"},{"Type":"Question","QuestionID":"QID56"},{"Type":"Question","QuestionID":"QID57"},{"Type":"Question","QuestionID":"QID58"},{"Type":"Question","QuestionID":"QID59"},{"Type":"Question","QuestionID":"QID60"},{"Type":"Question","QuestionID":"QID61"},{"Type":"Question","QuestionID":"QID62"},{"Type":"Question","QuestionID":"QID63"},{"Type":"Question","QuestionID":"QID64"},{"Type":"Question","QuestionID":"QID65"}],"Options":{"BlockLocking":"false","RandomizeQuestions":"false","BlockVisibility":"Expanded"}}]},{"SurveyID":"SV_1QX9Se03fzIvRWZ","Element":"FL","PrimaryAttribute":"Survey Flow","SecondaryAttribute":null,"TertiaryAttribute":null,"Payload":{"Flow":[{"ID":"BL_0HtpzbsVDng6pOl","Type":"Standard","FlowID":"FL_3"},{"ID":"BL_1ANNRT4KDf05Ii1","Type":"Block","FlowID":"FL_2"}],"Properties":{"Count":3},"FlowID":"FL_1","Type":"Root"}},{"SurveyID":"SV_1QX9Se03fzIvRWZ","Element":"SO","PrimaryAttribute":"Survey Options","SecondaryAttribute":null,"TertiaryAttribute":null,"Payload":{"BackButton":"false","SaveAndContinue":"true","SurveyProtection":"PublicSurvey","BallotBoxStuffingPrevention":"false","NoIndex":"Yes","SecureResponseFiles":"true","SurveyExpiration":null,"SurveyTermination":"DisplayMessage","Header":"","Footer":"","ProgressBarDisplay":"None","PartialData":"+1 week","ValidationMessage":null,"PreviousButton":" \u2190 ","NextButton":" \u2192 ","SkinLibrary":"fgvspmarketing","SkinType":"MQ","Skin":"fgvspmarketing1","NewScoring":1,"EOSMessage":"MS_4NnPWhvLFQ1TDr7","ShowExportTags":"false","CollectGeoLocation":"false","SurveyTitle":"Online Survey Software | Qualtrics Survey Solutions","SurveyMetaDescription":"Qualtrics sophisticated online survey software solutions make creating online surveys easy. Learn more about Research Suite and get a free account today.","PasswordProtection":"No","AnonymizeResponse":"No","Password":"","RefererCheck":"No","RefererURL":"http:\/\/","ResponseSummary":"No","EOSMessageLibrary":"UR_6hwyTQyOrdNsnXv","EOSRedirectURL":"https:\/\/","EmailThankYou":"false","ThankYouEmailMessageLibrary":null,"ThankYouEmailMessage":null,"ValidateMessage":"false","ValidationMessageLibrary":null,"InactiveSurvey":"DefaultMessage","PartialDataCloseAfter":"LastActivity","ActiveResponseSet":null,"InactiveMessageLibrary":"","InactiveMessage":"","AvailableLanguages":{"EN":[]}}},{"SurveyID":"SV_1QX9Se03fzIvRWZ","Element":"SCO","PrimaryAttribute":"Scoring","SecondaryAttribute":null,"TertiaryAttribute":null,"Payload":{"ScoringCategories":[{"ID":"SC_bBGhgcFJifrOKjP","Name":"Score","Description":""}],"ScoringCategoryGroups":[],"DefaultScoringCategory":"SC_bBGhgcFJifrOKjP","ScoringSummaryCategory":null,"ScoringSummaryAfterQuestions":0,"ScoringSummaryAfterSurvey":0,"AutoScoringCategory":null}},{"SurveyID":"SV_1QX9Se03fzIvRWZ","Element":"PROJ","PrimaryAttribute":"CORE","SecondaryAttribute":null,"TertiaryAttribute":"1.1.0","Payload":{"ProjectCategory":"CORE","SchemaVersion":"1.1.0"}},{"SurveyID":"SV_1QX9Se03fzIvRWZ","Element":"STAT","PrimaryAttribute":"Survey Statistics","SecondaryAttribute":null,"TertiaryAttribute":null,"Payload":{"MobileCompatible":true,"ID":"Survey Statistics"}},{"SurveyID":"SV_1QX9Se03fzIvRWZ","Element":"SQ","PrimaryAttribute":"QID33","SecondaryAttribute":"1. Qual sua escolaridade?","TertiaryAttribute":null,"Payload":{"QuestionText":"<p>1. Qual\nsua escolaridade?<o:p><\/o:p><\/p>","DefaultChoices":false,"DataExportTag":"Q1","QuestionType":"MC","Selector":"SAVR","SubSelector":"TX","Configuration":{"QuestionDescriptionOption":"UseText"},"QuestionDescription":"1. Qual sua escolaridade?","Choices":{"1":{"Display":"1\u00ba. Grau incompleto"},"2":{"Display":"1\u00ba. Grau completo"},"3":{"Display":"2\u00ba. Grau incompleto"},"4":{"Display":"2\u00ba. Grau completo"},"5":{"Display":"P\u00f3s-graduado (curso de p\u00f3s-gradua\u00e7\u00e3o lato sensu)"},"6":{"Display":"Mestrando"},"7":{"Display":"Mestre"},"8":{"Display":"Doutorando"},"9":{"Display":"Doutor"},"10":{"Display":"P\u00f3s-doutor"}},"ChoiceOrder":[1,2,3,4,5,6,7,8,9,10],"Validation":{"Settings":{"ForceResponse":"OFF","ForceResponseType":"ON","Type":"None"}},"GradingData":[],"Language":[],"NextChoiceId":11,"NextAnswerId":1,"QuestionID":"QID33","DataVisibility":{"Private":false,"Hidden":false}}},{"SurveyID":"SV_1QX9Se03fzIvRWZ","Element":"SQ","PrimaryAttribute":"QID49","SecondaryAttribute":"10. Quantos irm\u00e3os voc\u00ea tem?","TertiaryAttribute":null,"Payload":{"QuestionText":"10. Quantos\nirm\u00e3os voc\u00ea tem?","DefaultChoices":false,"DataExportTag":"Q10","QuestionType":"Matrix","Selector":"TE","SubSelector":"Short","Configuration":{"QuestionDescriptionOption":"UseText","TextPosition":"inline","ChoiceColumnWidth":25,"MobileFirst":true,"RepeatHeaders":"none"},"QuestionDescription":"10. Quantos irm\u00e3os voc\u00ea tem?","Choices":{"1":{"Display":"Irm\u00e3os mais novos"},"2":{"Display":"Irm\u00e3os mais velhos"}},"ChoiceOrder":[1,2],"Validation":{"Settings":{"ForceResponse":"OFF","ForceResponseType":"ON","Type":"ContentType","ContentType":"ValidNumber","ValidDateType":"DateWithFormat","ValidPhoneType":"ValidUSPhone","ValidZipType":"ValidUSZip"}},"GradingData":[],"Language":[],"NextChoiceId":3,"NextAnswerId":2,"Answers":{"1":{"Display":"Quantidade"}},"AnswerOrder":[1],"ChoiceDataExportTags":false,"QuestionID":"QID49","DataVisibility":{"Private":false,"Hidden":false}}},{"SurveyID":"SV_1QX9Se03fzIvRWZ","Element":"SQ","PrimaryAttribute":"QID51","SecondaryAttribute":"11. Qual sua origem?","TertiaryAttribute":null,"Payload":{"QuestionText":"11. Qual\nsua origem?","DefaultChoices":false,"DataExportTag":"Q11","QuestionType":"MC","Selector":"SAVR","SubSelector":"TX","Configuration":{"QuestionDescriptionOption":"UseText"},"QuestionDescription":"11. Qual sua origem?","Choices":{"1":{"Display":"Asi\u00e1tica"},"2":{"Display":"Africana"},"3":{"Display":"Latina"},"4":{"Display":"Americana (Am\u00e9rica do Norte)"}},"ChoiceOrder":[1,2,3,4],"Validation":{"Settings":{"ForceResponse":"OFF","ForceResponseType":"ON","Type":"None"}},"GradingData":[],"Language":[],"NextChoiceId":5,"NextAnswerId":1,"QuestionID":"QID51","DataVisibility":{"Private":false,"Hidden":false}}},{"SurveyID":"SV_1QX9Se03fzIvRWZ","Element":"SQ","PrimaryAttribute":"QID52","SecondaryAttribute":"12. Qual cidade e estado voc\u00ea nasceu?","TertiaryAttribute":null,"Payload":{"QuestionText":"<p>12. Qual\ncidade e estado voc\u00ea nasceu?<o:p><\/o:p><\/p>","DefaultChoices":false,"DataExportTag":"Q12","QuestionType":"TE","Selector":"SL","Configuration":{"QuestionDescriptionOption":"UseText","AllowFreeResponse":"false","InputWidth":367,"InputHeight":29},"QuestionDescription":"12. Qual cidade e estado voc\u00ea nasceu?","Validation":{"Settings":{"ForceResponse":"OFF","ForceResponseType":"ON","Type":"None"}},"GradingData":[],"Language":[],"NextChoiceId":4,"NextAnswerId":1,"QuestionID":"QID52","DataVisibility":{"Private":false,"Hidden":false}}},{"SurveyID":"SV_1QX9Se03fzIvRWZ","Element":"SQ","PrimaryAttribute":"QID53","SecondaryAttribute":"13. Qual cidade voc\u00ea passou sua inf\u00e2ncia?","TertiaryAttribute":null,"Payload":{"QuestionText":"13. Qual\ncidade voc\u00ea passou sua inf\u00e2ncia?","DefaultChoices":false,"DataExportTag":"Q13","QuestionID":"QID53","QuestionType":"TE","Selector":"SL","Configuration":{"QuestionDescriptionOption":"UseText","AllowFreeResponse":"false","InputWidth":367,"InputHeight":29},"QuestionDescription":"13. Qual cidade voc\u00ea passou sua inf\u00e2ncia?","Validation":{"Settings":{"ForceResponse":"OFF","ForceResponseType":"ON","Type":"None"}},"GradingData":[],"Language":[],"NextChoiceId":4,"NextAnswerId":1,"DataVisibility":{"Private":false,"Hidden":false}}},{"SurveyID":"SV_1QX9Se03fzIvRWZ","Element":"SQ","PrimaryAttribute":"QID54","SecondaryAttribute":"14. Qual cidade voc\u00ea passou sua adolesc\u00eancia?","TertiaryAttribute":null,"Payload":{"QuestionText":"14. Qual\ncidade voc\u00ea passou sua adolesc\u00eancia?","DefaultChoices":false,"DataExportTag":"Q14","QuestionType":"TE","Selector":"SL","Configuration":{"QuestionDescriptionOption":"UseText","InputWidth":367,"InputHeight":29,"AllowFreeResponse":"false"},"QuestionDescription":"14. Qual cidade voc\u00ea passou sua adolesc\u00eancia?","Validation":{"Settings":{"ForceResponse":"OFF","ForceResponseType":"ON","Type":"None"}},"GradingData":[],"Language":[],"NextChoiceId":4,"NextAnswerId":1,"QuestionID":"QID54","DataVisibility":{"Private":false,"Hidden":false}}},{"SurveyID":"SV_1QX9Se03fzIvRWZ","Element":"SQ","PrimaryAttribute":"QID55","SecondaryAttribute":"15. Qual a origem dos seus pais?","TertiaryAttribute":null,"Payload":{"QuestionText":"<p>15. Qual\na origem dos seus pais?<o:p><\/o:p><\/p>","DataExportTag":"Q15","QuestionType":"MC","Selector":"SAVR","SubSelector":"TX","Configuration":{"QuestionDescriptionOption":"UseText"},"QuestionDescription":"15. Qual a origem dos seus pais?","Choices":{"1":{"Display":"Asi\u00e1tica"},"2":{"Display":"Africana"},"3":{"Display":"Latina"},"4":{"Display":"Americana (Am\u00e9rica do Norte)"},"5":{"Display":"N\u00e3o sei informar"}},"ChoiceOrder":[1,2,3,4,"5"],"Validation":{"Settings":{"ForceResponse":"OFF","ForceResponseType":"ON","Type":"None"}},"Language":[],"NextChoiceId":7,"NextAnswerId":1,"QuestionID":"QID55","DataVisibility":{"Private":false,"Hidden":false}}},{"SurveyID":"SV_1QX9Se03fzIvRWZ","Element":"SQ","PrimaryAttribute":"QID56","SecondaryAttribute":"16. Qual a origem dos seus av\u00f3s?","TertiaryAttribute":null,"Payload":{"QuestionText":"<p>16. Qual a\norigem dos seus av\u00f3s?<\/p>","DataExportTag":"Q16","QuestionType":"MC","Selector":"SAVR","SubSelector":"TX","DataVisibility":{"Private":false,"Hidden":false},"Configuration":{"QuestionDescriptionOption":"UseText"},"QuestionDescription":"16. Qual a origem dos seus av\u00f3s?","Choices":{"1":{"Display":"Asi\u00e1tica"},"2":{"Display":"Africana"},"3":{"Display":"Latina"},"4":{"Display":"Americana (Am\u00e9rica do Norte)"},"5":{"Display":"N\u00e3o sei informar"}},"ChoiceOrder":[1,2,3,4,"5"],"Validation":{"Settings":{"ForceResponse":"OFF","ForceResponseType":"ON","Type":"None"}},"Language":[],"NextChoiceId":6,"NextAnswerId":1,"QuestionID":"QID56"}},{"SurveyID":"SV_1QX9Se03fzIvRWZ","Element":"SQ","PrimaryAttribute":"QID57","SecondaryAttribute":"17. Qual a origem dos seus bisav\u00f3s?","TertiaryAttribute":null,"Payload":{"QuestionText":"<p>17. Qual a\norigem dos seus bisav\u00f3s?<\/p>","DataExportTag":"Q17","QuestionType":"MC","Selector":"SAVR","SubSelector":"TX","DataVisibility":{"Private":false,"Hidden":false},"Configuration":{"QuestionDescriptionOption":"UseText"},"QuestionDescription":"17. Qual a origem dos seus bisav\u00f3s?","Choices":{"1":{"Display":"Asi\u00e1tica"},"2":{"Display":"Africana"},"3":{"Display":"Latina"},"4":{"Display":"Americana (Am\u00e9rica do Norte)"},"5":{"Display":"N\u00e3o sei informar"}},"ChoiceOrder":[1,2,3,4,"5"],"Validation":{"Settings":{"ForceResponse":"OFF","ForceResponseType":"ON","Type":"None"}},"Language":[],"NextChoiceId":6,"NextAnswerId":1,"QuestionID":"QID57"}},{"SurveyID":"SV_1QX9Se03fzIvRWZ","Element":"SQ","PrimaryAttribute":"QID58","SecondaryAttribute":"18. Qual a cor dos seus olhos?","TertiaryAttribute":null,"Payload":{"QuestionText":"<p>18. Qual a\ncor dos seus olhos?<\/p>","DataExportTag":"Q18","QuestionType":"MC","Selector":"SAVR","SubSelector":"TX","DataVisibility":{"Private":false,"Hidden":false},"Configuration":{"QuestionDescriptionOption":"UseText"},"QuestionDescription":"18. Qual a cor dos seus olhos?","Choices":{"1":{"Display":"Castanho-escuros"},"2":{"Display":"Castanho-claros"},"3":{"Display":"Castanho-esverdeados"},"4":{"Display":"Azul"},"5":{"Display":"Verde"}},"ChoiceOrder":[1,2,3,4,5],"Validation":{"Settings":{"ForceResponse":"OFF","ForceResponseType":"ON","Type":"None"}},"Language":[],"NextChoiceId":6,"NextAnswerId":1,"QuestionID":"QID58"}},{"SurveyID":"SV_1QX9Se03fzIvRWZ","Element":"SQ","PrimaryAttribute":"QID59","SecondaryAttribute":"19. Com que frequ\u00eancia voc\u00ea faz exerc\u00edcio na semana?","TertiaryAttribute":null,"Payload":{"QuestionText":"<p>19. Com\nque frequ\u00eancia voc\u00ea faz exerc\u00edcio na semana?<o:p><\/o:p><\/p>","DataExportTag":"Q19","QuestionType":"MC","Selector":"SAVR","SubSelector":"TX","DataVisibility":{"Private":false,"Hidden":false},"Configuration":{"QuestionDescriptionOption":"UseText"},"QuestionDescription":"19. Com que frequ\u00eancia voc\u00ea faz exerc\u00edcio na semana?","Choices":{"1":{"Display":"Nunca"},"2":{"Display":"Pelo menos uma vez na semana"},"3":{"Display":"Pelo menos duas vezes na semana"},"4":{"Display":"Pelo menos tr\u00eas vezes na semana"},"5":{"Display":"Quatro ou mais vezes na semana"}},"ChoiceOrder":[1,2,3,4,5],"Validation":{"Settings":{"ForceResponse":"OFF","ForceResponseType":"ON","Type":"None"}},"Language":[],"NextChoiceId":6,"NextAnswerId":1,"QuestionID":"QID59"}},{"SurveyID":"SV_1QX9Se03fzIvRWZ","Element":"SQ","PrimaryAttribute":"QID34","SecondaryAttribute":"2. Estado civil","TertiaryAttribute":null,"Payload":{"QuestionText":"<p>2. Estado\ncivil<o:p><\/o:p><\/p>","DefaultChoices":false,"DataExportTag":"Q2","QuestionType":"MC","Selector":"SAVR","SubSelector":"TX","Configuration":{"QuestionDescriptionOption":"UseText"},"QuestionDescription":"2. Estado civil","Choices":{"1":{"Display":"Casado"},"2":{"Display":"Solteiro"},"3":{"Display":"Vi\u00favo(a)"},"4":{"Display":"Em uni\u00e3o est\u00e1vel"}},"ChoiceOrder":[1,2,3,4],"Validation":{"Settings":{"ForceResponse":"OFF","ForceResponseType":"ON","Type":"None"}},"GradingData":[],"Language":[],"NextChoiceId":5,"NextAnswerId":1,"QuestionID":"QID34","DataVisibility":{"Private":false,"Hidden":false}}},{"SurveyID":"SV_1QX9Se03fzIvRWZ","Element":"SQ","PrimaryAttribute":"QID60","SecondaryAttribute":"20. H\u00e1 quantos meses voc\u00ea faz exerc\u00edcio regularmente? ","TertiaryAttribute":null,"Payload":{"QuestionText":"20. H\u00e1\nquantos meses voc\u00ea faz exerc\u00edcio regularmente?&nbsp;","DefaultChoices":false,"DataExportTag":"Q20","QuestionType":"TE","Selector":"SL","DataVisibility":{"Private":false,"Hidden":false},"Configuration":{"QuestionDescriptionOption":"UseText","InputWidth":89,"InputHeight":29,"AllowFreeResponse":"false"},"QuestionDescription":"20. H\u00e1 quantos meses voc\u00ea faz exerc\u00edcio regularmente? ","Validation":{"Settings":{"ForceResponse":"OFF","ForceResponseType":"ON","Type":"ContentType","ContentType":"ValidNumber","ValidDateType":"DateWithFormat","ValidPhoneType":"ValidUSPhone","ValidZipType":"ValidUSZip"}},"GradingData":[],"Language":[],"NextChoiceId":6,"NextAnswerId":1,"QuestionID":"QID60"}},{"SurveyID":"SV_1QX9Se03fzIvRWZ","Element":"SQ","PrimaryAttribute":"QID61","SecondaryAttribute":"21. Voc\u00ea toma algum medicamento para melhorar sua performance nos treinos? Se sim, qual (quais)?\u00a0","TertiaryAttribute":null,"Payload":{"QuestionText":"<p>21. Voc\u00ea\ntoma algum medicamento para melhorar sua performance nos treinos? Se sim, qual\n(quais)?&nbsp;<o:p><\/o:p><\/p>","DefaultChoices":false,"DataExportTag":"Q21","QuestionType":"TE","Selector":"ML","Configuration":{"QuestionDescriptionOption":"UseText","InputWidth":509,"InputHeight":64,"AllowFreeResponse":"false"},"QuestionDescription":"21. Voc\u00ea toma algum medicamento para melhorar sua performance nos treinos? Se sim, qual (quais)?\u00a0","Validation":{"Settings":{"ForceResponse":"OFF","ForceResponseType":"ON","Type":"None"}},"GradingData":[],"Language":[],"NextChoiceId":4,"NextAnswerId":1,"QuestionID":"QID61","DataVisibility":{"Private":false,"Hidden":false}}},{"SurveyID":"SV_1QX9Se03fzIvRWZ","Element":"SQ","PrimaryAttribute":"QID62","SecondaryAttribute":"22. Voc\u00ea tem algum acompanhamento de nutricionista?","TertiaryAttribute":null,"Payload":{"QuestionText":"22. Voc\u00ea\ntem algum acompanhamento de nutricionista?","DefaultChoices":false,"DataExportTag":"Q22","QuestionType":"MC","Selector":"SAVR","SubSelector":"TX","Configuration":{"QuestionDescriptionOption":"UseText"},"QuestionDescription":"22. Voc\u00ea tem algum acompanhamento de nutricionista?","Choices":{"1":{"Display":"Sim"},"2":{"Display":"N\u00e3o"}},"ChoiceOrder":[1,2],"Validation":{"Settings":{"ForceResponse":"OFF","ForceResponseType":"ON","Type":"None"}},"GradingData":[],"Language":[],"NextChoiceId":3,"NextAnswerId":1,"QuestionID":"QID62","DataVisibility":{"Private":false,"Hidden":false}}},{"SurveyID":"SV_1QX9Se03fzIvRWZ","Element":"SQ","PrimaryAttribute":"QID63","SecondaryAttribute":"23. Voc\u00ea costuma comer alimentos com soja? Marque apenas uma alternativa.","TertiaryAttribute":null,"Payload":{"QuestionText":"<p>23. Voc\u00ea\ncostuma comer alimentos com soja?<o:p><\/o:p><\/p><p><span lang=\"PT\">Marque apenas uma alternativa.<o:p><\/o:p><\/span><\/p>","DefaultChoices":false,"DataExportTag":"Q23","QuestionType":"MC","Selector":"SAVR","SubSelector":"TX","Configuration":{"QuestionDescriptionOption":"UseText"},"QuestionDescription":"23. Voc\u00ea costuma comer alimentos com soja? Marque apenas uma alternativa.","Choices":{"1":{"Display":"N\u00e3o"},"2":{"Display":"Raramente"},"3":{"Display":"Sim, diariamente"},"4":{"Display":"Sim, algumas vezes na semana"}},"ChoiceOrder":[1,2,3,4],"Validation":{"Settings":{"ForceResponse":"OFF","ForceResponseType":"ON","Type":"None"}},"GradingData":[],"Language":[],"NextChoiceId":5,"NextAnswerId":1,"QuestionID":"QID63","DataVisibility":{"Private":false,"Hidden":false}}},{"SurveyID":"SV_1QX9Se03fzIvRWZ","Element":"SQ","PrimaryAttribute":"QID64","SecondaryAttribute":"24. Voc\u00ea toma bebidas estimulantes, por exemplo, caf\u00e9, coca-cola, red bull, ch\u00e1 mate ou outra beb","TertiaryAttribute":null,"Payload":{"QuestionText":"<p>24. Voc\u00ea\ntoma bebidas estimulantes, por exemplo, caf\u00e9, coca-cola, red bull, ch\u00e1 mate ou\noutra bebida ou alimento que contenha cafe\u00edna?<o:p><\/o:p><\/p>","DefaultChoices":false,"DataExportTag":"Q24","QuestionType":"MC","Selector":"SAVR","SubSelector":"TX","Configuration":{"QuestionDescriptionOption":"UseText"},"QuestionDescription":"24. Voc\u00ea toma bebidas estimulantes, por exemplo, caf\u00e9, coca-cola, red bull, ch\u00e1 mate ou outra beb...","Choices":{"1":{"Display":"N\u00e3o"},"2":{"Display":"Sim"}},"ChoiceOrder":[1,2],"Validation":{"Settings":{"ForceResponse":"OFF","ForceResponseType":"ON","Type":"None"}},"GradingData":[],"Language":[],"NextChoiceId":3,"NextAnswerId":1,"QuestionID":"QID64","DataVisibility":{"Private":false,"Hidden":false}}},{"SurveyID":"SV_1QX9Se03fzIvRWZ","Element":"SQ","PrimaryAttribute":"QID65","SecondaryAttribute":"24.1 Com que frequ\u00eancia?","TertiaryAttribute":null,"Payload":{"QuestionText":"24.1&nbsp; Com\nque frequ\u00eancia?","DefaultChoices":false,"DataExportTag":"Q24.1","QuestionType":"MC","Selector":"SAVR","SubSelector":"TX","DataVisibility":{"Private":false,"Hidden":false},"Configuration":{"QuestionDescriptionOption":"UseText"},"QuestionDescription":"24.1 Com que frequ\u00eancia?","Choices":{"1":{"Display":"Todos os dias"},"2":{"Display":"Raramente"},"3":{"Display":"Algumas vezes por semana"}},"InPageDisplayLogic":{"0":{"0":{"QuestionID":"QID64","QuestionIsInLoop":"no","ChoiceLocator":"q:\/\/QID64\/SelectableChoice\/2","Operator":"Selected","QuestionIDFromLocator":"QID64","LeftOperand":"q:\/\/QID64\/SelectableChoice\/2","Type":"Expression","LogicType":"Question","Description":"<span class=\"ConjDesc\">If<\/span> <span class=\"QuestionDesc\">24. Voc\u00ea\ntoma bebidas estimulantes, por exemplo, caf\u00e9, coca-cola, red bull, ch\u00e1 mate ou\noutra bebida ou alimento que contenha cafe\u00edna?&lt;o:p&gt;&lt;\/o:p&gt;<\/span> <span class=\"LeftOpDesc\">Sim<\/span> <span class=\"OpDesc\">Is Selected<\/span> "},"Type":"If"},"Type":"BooleanExpression","inPage":true},"ChoiceOrder":[1,2,3],"Validation":{"Settings":{"ForceResponse":"OFF","ForceResponseType":"ON","Type":"None"}},"GradingData":[],"Language":[],"NextChoiceId":4,"NextAnswerId":1,"QuestionID":"QID65"}},{"SurveyID":"SV_1QX9Se03fzIvRWZ","Element":"SQ","PrimaryAttribute":"QID6","SecondaryAttribute":"25. Eu procuro entender as situa\u00e7\u00f5es que vivencio para descobrir a melhor forma de lidar com o qu.","TertiaryAttribute":null,"Payload":{"QuestionText":"25. Eu procuro entender as situa\u00e7\u00f5es que vivencio para descobrir a melhor forma de lidar com o que tenho que enfrentar","DefaultChoices":false,"DataExportTag":"Q25","QuestionType":"Matrix","Selector":"Likert","SubSelector":"SingleAnswer","DataVisibility":{"Private":false,"Hidden":false},"Configuration":{"QuestionDescriptionOption":"UseText","TextPosition":"above","ChoiceColumnWidth":25,"RepeatHeaders":"none","WhiteSpace":"OFF","MobileFirst":true},"QuestionDescription":"25. Eu procuro entender as situa\u00e7\u00f5es que vivencio para descobrir a melhor forma de lidar com o qu...","Choices":{"1":{"Display":""}},"ChoiceOrder":[1],"Validation":{"Settings":{"ForceResponse":"OFF","ForceResponseType":"ON","Type":"None"}},"GradingData":[],"Language":[],"NextChoiceId":2,"NextAnswerId":8,"Answers":{"1":{"Display":"Discordo TOTALMENTE"},"2":{"Display":"Discordo parcialmente"},"3":{"Display":"Discordo levemente"},"4":{"Display":"N\u00e3o sei\/ n\u00e3o se aplica"},"5":{"Display":"Concordo levemente"},"6":{"Display":"Concordo parcialmente"},"7":{"Display":"Concordo totalmente"}},"AnswerOrder":[1,2,3,4,5,6,7],"ChoiceDataExportTags":{"1":"Q26_1"},"QuestionID":"QID6","RecodeValues":{"1":"-3","2":"-2","3":"-1","4":"0","5":"1","6":"2","7":"3"}}},{"SurveyID":"SV_1QX9Se03fzIvRWZ","Element":"SQ","PrimaryAttribute":"QID8","SecondaryAttribute":"26. Costumo ver o lado bom de uma situa\u00e7\u00e3o ruim","TertiaryAttribute":null,"Payload":{"QuestionText":"26. Costumo ver o lado bom de uma situa\u00e7\u00e3o ruim","DefaultChoices":false,"DataExportTag":"Q26","QuestionType":"Matrix","Selector":"Likert","SubSelector":"SingleAnswer","DataVisibility":{"Private":false,"Hidden":false},"Configuration":{"QuestionDescriptionOption":"UseText","TextPosition":"above","ChoiceColumnWidth":25,"RepeatHeaders":"none","WhiteSpace":"OFF","MobileFirst":true},"QuestionDescription":"26. Costumo ver o lado bom de uma situa\u00e7\u00e3o ruim","Choices":{"1":{"Display":""}},"ChoiceOrder":[1],"Validation":{"Settings":{"ForceResponse":"OFF","ForceResponseType":"ON","Type":"None"}},"GradingData":[],"Language":[],"NextChoiceId":2,"NextAnswerId":8,"Answers":{"1":{"Display":"Discordo TOTALMENTE"},"2":{"Display":"Discordo parcialmente"},"3":{"Display":"Discordo levemente"},"4":{"Display":"N\u00e3o sei\/ n\u00e3o se aplica"},"5":{"Display":"Concordo levemente"},"6":{"Display":"Concordo parcialmente"},"7":{"Display":"Concordo totalmente"}},"AnswerOrder":[1,2,3,4,5,6,7],"ChoiceDataExportTags":{"1":"Q27_1"},"QuestionID":"QID8","RecodeValues":{"1":"-3","2":"-2","3":"-1","4":"0","5":"1","6":"2","7":"3"}}},{"SurveyID":"SV_1QX9Se03fzIvRWZ","Element":"SQ","PrimaryAttribute":"QID9","SecondaryAttribute":"27. Eu n\u00e3o desisto at\u00e9 resolver meus problemas","TertiaryAttribute":null,"Payload":{"QuestionText":"27. Eu n\u00e3o desisto at\u00e9 resolver meus problemas","DefaultChoices":false,"DataExportTag":"Q27","QuestionType":"Matrix","Selector":"Likert","SubSelector":"SingleAnswer","DataVisibility":{"Private":false,"Hidden":false},"Configuration":{"QuestionDescriptionOption":"UseText","TextPosition":"above","ChoiceColumnWidth":25,"RepeatHeaders":"none","WhiteSpace":"OFF","MobileFirst":true},"QuestionDescription":"27. Eu n\u00e3o desisto at\u00e9 resolver meus problemas","Choices":{"1":{"Display":""}},"ChoiceOrder":[1],"Validation":{"Settings":{"ForceResponse":"OFF","ForceResponseType":"ON","Type":"None"}},"GradingData":[],"Language":[],"NextChoiceId":2,"NextAnswerId":8,"Answers":{"1":{"Display":"Discordo TOTALMENTE"},"2":{"Display":"Discordo parcialmente"},"3":{"Display":"Discordo levemente"},"4":{"Display":"N\u00e3o sei\/ n\u00e3o se aplica"},"5":{"Display":"Concordo levemente"},"6":{"Display":"Concordo parcialmente"},"7":{"Display":"Concordo totalmente"}},"AnswerOrder":[1,2,3,4,5,6,7],"ChoiceDataExportTags":{"1":"Q28_1"},"QuestionID":"QID9","RecodeValues":{"1":"-3","2":"-2","3":"-1","4":"0","5":"1","6":"2","7":"3"}}},{"SurveyID":"SV_1QX9Se03fzIvRWZ","Element":"SQ","PrimaryAttribute":"QID10","SecondaryAttribute":"28. Costumo fazer planos com anteced\u00eancia","TertiaryAttribute":null,"Payload":{"QuestionText":"28. Costumo fazer planos com anteced\u00eancia","DefaultChoices":false,"DataExportTag":"Q28","QuestionType":"Matrix","Selector":"Likert","SubSelector":"SingleAnswer","DataVisibility":{"Private":false,"Hidden":false},"Configuration":{"QuestionDescriptionOption":"UseText","TextPosition":"above","ChoiceColumnWidth":25,"RepeatHeaders":"none","WhiteSpace":"OFF","MobileFirst":true},"QuestionDescription":"28. Costumo fazer planos com anteced\u00eancia","Choices":{"1":{"Display":""}},"ChoiceOrder":[1],"Validation":{"Settings":{"ForceResponse":"OFF","ForceResponseType":"ON","Type":"None"}},"GradingData":[],"Language":[],"NextChoiceId":2,"NextAnswerId":8,"Answers":{"1":{"Display":"Discordo TOTALMENTE"},"2":{"Display":"Discordo parcialmente"},"3":{"Display":"Discordo levemente"},"4":{"Display":"N\u00e3o sei\/ n\u00e3o se aplica"},"5":{"Display":"Concordo levemente"},"6":{"Display":"Concordo parcialmente"},"7":{"Display":"Concordo totalmente"}},"AnswerOrder":[1,2,3,4,5,6,7],"ChoiceDataExportTags":{"1":"Q29_1"},"QuestionID":"QID10","RecodeValues":{"1":"-3","2":"-2","3":"-1","4":"0","5":"1","6":"2","7":"3"}}},{"SurveyID":"SV_1QX9Se03fzIvRWZ","Element":"SQ","PrimaryAttribute":"QID11","SecondaryAttribute":"29. Evito correr riscos","TertiaryAttribute":null,"Payload":{"QuestionText":"29. Evito correr riscos","DefaultChoices":false,"DataExportTag":"Q29","QuestionType":"Matrix","Selector":"Likert","SubSelector":"SingleAnswer","DataVisibility":{"Private":false,"Hidden":false},"Configuration":{"QuestionDescriptionOption":"UseText","TextPosition":"above","ChoiceColumnWidth":25,"RepeatHeaders":"none","WhiteSpace":"OFF","MobileFirst":true},"QuestionDescription":"29. Evito correr riscos","Choices":{"1":{"Display":""}},"ChoiceOrder":[1],"Validation":{"Settings":{"ForceResponse":"OFF","ForceResponseType":"ON","Type":"None"}},"GradingData":[],"Language":[],"NextChoiceId":2,"NextAnswerId":8,"Answers":{"1":{"Display":"Discordo TOTALMENTE"},"2":{"Display":"Discordo parcialmente"},"3":{"Display":"Discordo levemente"},"4":{"Display":"N\u00e3o sei\/ n\u00e3o se aplica"},"5":{"Display":"Concordo levemente"},"6":{"Display":"Concordo parcialmente"},"7":{"Display":"Concordo totalmente"}},"AnswerOrder":[1,2,3,4,5,6,7],"ChoiceDataExportTags":{"1":"Q30_1"},"QuestionID":"QID11","RecodeValues":{"1":"-3","2":"-2","3":"-1","4":"0","5":"1","6":"2","7":"3"}}},{"SurveyID":"SV_1QX9Se03fzIvRWZ","Element":"SQ","PrimaryAttribute":"QID35","SecondaryAttribute":"3. Voc\u00ea \u00e9:","TertiaryAttribute":null,"Payload":{"QuestionText":"<p>3. Voc\u00ea\n\u00e9:<o:p><\/o:p><\/p>","DefaultChoices":false,"DataExportTag":"Q3","QuestionType":"MC","Selector":"SAVR","SubSelector":"TX","DataVisibility":{"Private":false,"Hidden":false},"Configuration":{"QuestionDescriptionOption":"UseText"},"QuestionDescription":"3. Voc\u00ea \u00e9:","Choices":{"1":{"Display":"Destro"},"2":{"Display":"Canhoto"}},"ChoiceOrder":[1,2],"Validation":{"Settings":{"ForceResponse":"OFF","ForceResponseType":"ON","Type":"None"}},"GradingData":[],"Language":[],"NextChoiceId":3,"NextAnswerId":1,"QuestionID":"QID35"}},{"SurveyID":"SV_1QX9Se03fzIvRWZ","Element":"SQ","PrimaryAttribute":"QID12","SecondaryAttribute":"30. Durante minha inf\u00e2ncia e adolesc\u00eancia tive um relacionamento pr\u00f3ximo e caloroso com minha m\u00e3","TertiaryAttribute":null,"Payload":{"QuestionText":"<p>30. Durante minha inf\u00e2ncia e adolesc\u00eancia tive um relacionamento pr\u00f3ximo e caloroso com<\/p><p>minha m\u00e3e biol\u00f3gica<\/p>","DefaultChoices":false,"DataExportTag":"Q30","QuestionType":"Matrix","Selector":"Likert","SubSelector":"SingleAnswer","DataVisibility":{"Private":false,"Hidden":false},"Configuration":{"QuestionDescriptionOption":"UseText","TextPosition":"above","ChoiceColumnWidth":25,"RepeatHeaders":"none","WhiteSpace":"OFF","MobileFirst":true},"QuestionDescription":"30. Durante minha inf\u00e2ncia e adolesc\u00eancia tive um relacionamento pr\u00f3ximo e caloroso com minha m\u00e3e...","Choices":{"1":{"Display":""}},"ChoiceOrder":[1],"Validation":{"Settings":{"ForceResponse":"OFF","ForceResponseType":"ON","Type":"None"}},"GradingData":[],"Language":[],"NextChoiceId":2,"NextAnswerId":8,"Answers":{"1":{"Display":"Discordo TOTALMENTE"},"2":{"Display":"Discordo parcialmente"},"3":{"Display":"Discordo levemente"},"4":{"Display":"N\u00e3o sei\/ n\u00e3o se aplica"},"5":{"Display":"Concordo levemente"},"6":{"Display":"Concordo parcialmente"},"7":{"Display":"Concordo totalmente"}},"AnswerOrder":[1,2,3,4,5,6,7],"ChoiceDataExportTags":{"1":"Q31_1"},"QuestionID":"QID12","RecodeValues":{"1":"-3","2":"-2","3":"-1","4":"0","5":"1","6":"2","7":"3"}}},{"SurveyID":"SV_1QX9Se03fzIvRWZ","Element":"SQ","PrimaryAttribute":"QID13","SecondaryAttribute":"31. Durante minha inf\u00e2ncia e adolesc\u00eancia tive um relacionamento pr\u00f3ximo e caloroso com meu pai b","TertiaryAttribute":null,"Payload":{"QuestionText":"<p>31. Durante minha inf\u00e2ncia e adolesc\u00eancia tive um relacionamento pr\u00f3ximo e caloroso com meu<\/p><p>pai biol\u00f3gico<\/p>","DefaultChoices":false,"DataExportTag":"Q31","QuestionType":"Matrix","Selector":"Likert","SubSelector":"SingleAnswer","DataVisibility":{"Private":false,"Hidden":false},"Configuration":{"QuestionDescriptionOption":"UseText","TextPosition":"above","ChoiceColumnWidth":25,"RepeatHeaders":"none","WhiteSpace":"OFF","MobileFirst":true},"QuestionDescription":"31. Durante minha inf\u00e2ncia e adolesc\u00eancia tive um relacionamento pr\u00f3ximo e caloroso com meu pai b...","Choices":{"1":{"Display":""}},"ChoiceOrder":[1],"Validation":{"Settings":{"ForceResponse":"OFF","ForceResponseType":"ON","Type":"None"}},"GradingData":[],"Language":[],"NextChoiceId":2,"NextAnswerId":8,"Answers":{"1":{"Display":"Discordo TOTALMENTE"},"2":{"Display":"Discordo parcialmente"},"3":{"Display":"Discordo levemente"},"4":{"Display":"N\u00e3o sei\/ n\u00e3o se aplica"},"5":{"Display":"Concordo levemente"},"6":{"Display":"Concordo parcialmente"},"7":{"Display":"Concordo totalmente"}},"AnswerOrder":[1,2,3,4,5,6,7],"ChoiceDataExportTags":{"1":"Q32_1"},"QuestionID":"QID13","RecodeValues":{"1":"-3","2":"-2","3":"-1","4":"0","5":"1","6":"2","7":"3"}}},{"SurveyID":"SV_1QX9Se03fzIvRWZ","Element":"SQ","PrimaryAttribute":"QID14","SecondaryAttribute":"32. Eu tenho um relacionamento pr\u00f3ximo e caloroso com meus filhos","TertiaryAttribute":null,"Payload":{"QuestionText":"<p>32. Eu tenho um relacionamento pr\u00f3ximo e caloroso com meus filhos<\/p>","DefaultChoices":false,"DataExportTag":"Q32","QuestionType":"Matrix","Selector":"Likert","SubSelector":"SingleAnswer","DataVisibility":{"Private":false,"Hidden":false},"Configuration":{"QuestionDescriptionOption":"UseText","TextPosition":"above","ChoiceColumnWidth":25,"RepeatHeaders":"none","WhiteSpace":"OFF","MobileFirst":true},"QuestionDescription":"32. Eu tenho um relacionamento pr\u00f3ximo e caloroso com meus filhos","Choices":{"1":{"Display":""}},"ChoiceOrder":[1],"Validation":{"Settings":{"ForceResponse":"OFF","ForceResponseType":"ON","Type":"None"}},"GradingData":[],"Language":[],"NextChoiceId":2,"NextAnswerId":8,"Answers":{"1":{"Display":"Discordo TOTALMENTE"},"2":{"Display":"Discordo parcialmente"},"3":{"Display":"Discordo levemente"},"4":{"Display":"N\u00e3o sei\/ n\u00e3o se aplica"},"5":{"Display":"Concordo levemente"},"6":{"Display":"Concordo parcialmente"},"7":{"Display":"Concordo totalmente"}},"AnswerOrder":[1,2,3,4,5,6,7],"ChoiceDataExportTags":{"1":"Q33_1"},"QuestionID":"QID14","RecodeValues":{"1":"-3","2":"-2","3":"-1","4":"0","5":"1","6":"2","7":"3"}}},{"SurveyID":"SV_1QX9Se03fzIvRWZ","Element":"SQ","PrimaryAttribute":"QID15","SecondaryAttribute":"33. Eu tenho um relacionamento \u00edntimo e caloroso com meu (minha) parceiro (a) sexual","TertiaryAttribute":null,"Payload":{"QuestionText":"<p>33. Eu tenho um relacionamento \u00edntimo e caloroso com meu (minha) parceiro (a) sexual<\/p>","DefaultChoices":false,"DataExportTag":"Q33","QuestionType":"Matrix","Selector":"Likert","SubSelector":"SingleAnswer","DataVisibility":{"Private":false,"Hidden":false},"Configuration":{"QuestionDescriptionOption":"UseText","TextPosition":"above","ChoiceColumnWidth":25,"RepeatHeaders":"none","WhiteSpace":"OFF","MobileFirst":true},"QuestionDescription":"33. Eu tenho um relacionamento \u00edntimo e caloroso com meu (minha) parceiro (a) sexual","Choices":{"1":{"Display":""}},"ChoiceOrder":[1],"Validation":{"Settings":{"ForceResponse":"OFF","ForceResponseType":"ON","Type":"None"}},"GradingData":[],"Language":[],"NextChoiceId":2,"NextAnswerId":8,"Answers":{"1":{"Display":"Discordo TOTALMENTE"},"2":{"Display":"Discordo parcialmente"},"3":{"Display":"Discordo levemente"},"4":{"Display":"N\u00e3o sei\/ n\u00e3o se aplica"},"5":{"Display":"Concordo levemente"},"6":{"Display":"Concordo parcialmente"},"7":{"Display":"Concordo totalmente"}},"AnswerOrder":[1,2,3,4,5,6,7],"ChoiceDataExportTags":{"1":"Q34_1"},"QuestionID":"QID15","RecodeValues":{"1":"-3","2":"-2","3":"-1","4":"0","5":"1","6":"2","7":"3"}}},{"SurveyID":"SV_1QX9Se03fzIvRWZ","Element":"SQ","PrimaryAttribute":"QID16","SecondaryAttribute":"34. Eu prefiro ter um do que v\u00e1rios relacionamentos sexuais de cada vez","TertiaryAttribute":null,"Payload":{"QuestionText":"<p>34. Eu prefiro ter um do que v\u00e1rios relacionamentos sexuais de cada vez<\/p>","DefaultChoices":false,"DataExportTag":"Q34","QuestionType":"Matrix","Selector":"Likert","SubSelector":"SingleAnswer","DataVisibility":{"Private":false,"Hidden":false},"Configuration":{"QuestionDescriptionOption":"UseText","TextPosition":"above","ChoiceColumnWidth":25,"RepeatHeaders":"none","WhiteSpace":"OFF","MobileFirst":true},"QuestionDescription":"34. Eu prefiro ter um do que v\u00e1rios relacionamentos sexuais de cada vez","Choices":{"1":{"Display":""}},"ChoiceOrder":[1],"Validation":{"Settings":{"ForceResponse":"OFF","ForceResponseType":"ON","Type":"None"}},"GradingData":[],"Language":[],"NextChoiceId":2,"NextAnswerId":8,"Answers":{"1":{"Display":"Discordo TOTALMENTE"},"2":{"Display":"Discordo parcialmente"},"3":{"Display":"Discordo levemente"},"4":{"Display":"N\u00e3o sei\/ n\u00e3o se aplica"},"5":{"Display":"Concordo levemente"},"6":{"Display":"Concordo parcialmente"},"7":{"Display":"Concordo totalmente"}},"AnswerOrder":[1,2,3,4,5,6,7],"ChoiceDataExportTags":{"1":"Q35_1"},"QuestionID":"QID16","RecodeValues":{"1":"-3","2":"-2","3":"-1","4":"0","5":"1","6":"2","7":"3"}}},{"SurveyID":"SV_1QX9Se03fzIvRWZ","Element":"SQ","PrimaryAttribute":"QID17","SecondaryAttribute":"35. Eu tenho que estar profundamente ligado a algu\u00e9m antes de iniciar um relacionamento \u00edntimo co.","TertiaryAttribute":null,"Payload":{"QuestionText":"<p>35. Eu tenho que estar profundamente ligado a algu\u00e9m antes de iniciar um relacionamento<\/p><p>\u00edntimo com meu (minha) parceiro (a)<\/p>","DefaultChoices":false,"DataExportTag":"Q35","QuestionType":"Matrix","Selector":"Likert","SubSelector":"SingleAnswer","DataVisibility":{"Private":false,"Hidden":false},"Configuration":{"QuestionDescriptionOption":"UseText","TextPosition":"above","ChoiceColumnWidth":25,"RepeatHeaders":"none","WhiteSpace":"OFF","MobileFirst":true},"QuestionDescription":"35. Eu tenho que estar profundamente ligado a algu\u00e9m antes de iniciar um relacionamento \u00edntimo co...","Choices":{"1":{"Display":""}},"ChoiceOrder":[1],"Validation":{"Settings":{"ForceResponse":"OFF","ForceResponseType":"ON","Type":"None"}},"GradingData":[],"Language":[],"NextChoiceId":2,"NextAnswerId":8,"Answers":{"1":{"Display":"Discordo TOTALMENTE"},"2":{"Display":"Discordo parcialmente"},"3":{"Display":"Discordo levemente"},"4":{"Display":"N\u00e3o sei\/ n\u00e3o se aplica"},"5":{"Display":"Concordo levemente"},"6":{"Display":"Concordo parcialmente"},"7":{"Display":"Concordo totalmente"}},"AnswerOrder":[1,2,3,4,5,6,7],"ChoiceDataExportTags":{"1":"Q36_1"},"QuestionID":"QID17","RecodeValues":{"1":"-3","2":"-2","3":"-1","4":"0","5":"1","6":"2","7":"3"}}},{"SurveyID":"SV_1QX9Se03fzIvRWZ","Element":"SQ","PrimaryAttribute":"QID18","SecondaryAttribute":"36. Mantenho contato frequente com meus parentes de sangue","TertiaryAttribute":null,"Payload":{"QuestionText":"<p>36. Mantenho contato frequente com meus parentes de sangue<\/p>","DefaultChoices":false,"DataExportTag":"Q36","QuestionType":"Matrix","Selector":"Likert","SubSelector":"SingleAnswer","DataVisibility":{"Private":false,"Hidden":false},"Configuration":{"QuestionDescriptionOption":"UseText","TextPosition":"above","ChoiceColumnWidth":25,"RepeatHeaders":"none","WhiteSpace":"OFF","MobileFirst":true},"QuestionDescription":"36. Mantenho contato frequente com meus parentes de sangue","Choices":{"1":{"Display":""}},"ChoiceOrder":[1],"Validation":{"Settings":{"ForceResponse":"OFF","ForceResponseType":"ON","Type":"None"}},"GradingData":[],"Language":[],"NextChoiceId":2,"NextAnswerId":8,"Answers":{"1":{"Display":"Discordo TOTALMENTE"},"2":{"Display":"Discordo parcialmente"},"3":{"Display":"Discordo levemente"},"4":{"Display":"N\u00e3o sei\/ n\u00e3o se aplica"},"5":{"Display":"Concordo levemente"},"6":{"Display":"Concordo parcialmente"},"7":{"Display":"Concordo totalmente"}},"AnswerOrder":[1,2,3,4,5,6,7],"ChoiceDataExportTags":{"1":"Q37_1"},"QuestionID":"QID18","RecodeValues":{"1":"-3","2":"-2","3":"-1","4":"0","5":"1","6":"2","7":"3"}}},{"SurveyID":"SV_1QX9Se03fzIvRWZ","Element":"SQ","PrimaryAttribute":"QID19","SecondaryAttribute":"37. Muitas vezes recebo ajuda e apoio emocional dos meus parentes de sangue","TertiaryAttribute":null,"Payload":{"QuestionText":"<p>37. Muitas vezes recebo ajuda e apoio emocional dos meus parentes de sangue<\/p>","DefaultChoices":false,"DataExportTag":"Q37","QuestionType":"Matrix","Selector":"Likert","SubSelector":"SingleAnswer","DataVisibility":{"Private":false,"Hidden":false},"Configuration":{"QuestionDescriptionOption":"UseText","TextPosition":"above","ChoiceColumnWidth":25,"RepeatHeaders":"none","WhiteSpace":"OFF","MobileFirst":true},"QuestionDescription":"37. Muitas vezes recebo ajuda e apoio emocional dos meus parentes de sangue","Choices":{"1":{"Display":""}},"ChoiceOrder":[1],"Validation":{"Settings":{"ForceResponse":"OFF","ForceResponseType":"ON","Type":"None"}},"GradingData":[],"Language":[],"NextChoiceId":2,"NextAnswerId":8,"Answers":{"1":{"Display":"Discordo TOTALMENTE"},"2":{"Display":"Discordo parcialmente"},"3":{"Display":"Discordo levemente"},"4":{"Display":"N\u00e3o sei\/ n\u00e3o se aplica"},"5":{"Display":"Concordo levemente"},"6":{"Display":"Concordo parcialmente"},"7":{"Display":"Concordo totalmente"}},"AnswerOrder":[1,2,3,4,5,6,7],"ChoiceDataExportTags":{"1":"Q38_1"},"QuestionID":"QID19","RecodeValues":{"1":"-3","2":"-2","3":"-1","4":"0","5":"1","6":"2","7":"3"}}},{"SurveyID":"SV_1QX9Se03fzIvRWZ","Element":"SQ","PrimaryAttribute":"QID20","SecondaryAttribute":"38. Forne\u00e7o, com frequ\u00eancia, apoio emocional e ajuda aos meus parentes de sangue","TertiaryAttribute":null,"Payload":{"QuestionText":"<p>38. Forne\u00e7o, com frequ\u00eancia, apoio emocional e ajuda aos meus parentes de sangue<\/p>","DefaultChoices":false,"DataExportTag":"Q38","QuestionType":"Matrix","Selector":"Likert","SubSelector":"SingleAnswer","DataVisibility":{"Private":false,"Hidden":false},"Configuration":{"QuestionDescriptionOption":"UseText","TextPosition":"above","ChoiceColumnWidth":25,"RepeatHeaders":"none","WhiteSpace":"OFF","MobileFirst":true},"QuestionDescription":"38. Forne\u00e7o, com frequ\u00eancia, apoio emocional e ajuda aos meus parentes de sangue","Choices":{"1":{"Display":""}},"ChoiceOrder":[1],"Validation":{"Settings":{"ForceResponse":"OFF","ForceResponseType":"ON","Type":"None"}},"GradingData":[],"Language":[],"NextChoiceId":2,"NextAnswerId":8,"Answers":{"1":{"Display":"Discordo TOTALMENTE"},"2":{"Display":"Discordo parcialmente"},"3":{"Display":"Discordo levemente"},"4":{"Display":"N\u00e3o sei\/ n\u00e3o se aplica"},"5":{"Display":"Concordo levemente"},"6":{"Display":"Concordo parcialmente"},"7":{"Display":"Concordo totalmente"}},"AnswerOrder":[1,2,3,4,5,6,7],"ChoiceDataExportTags":{"1":"Q39_1"},"QuestionID":"QID20","RecodeValues":{"1":"-3","2":"-2","3":"-1","4":"0","5":"1","6":"2","7":"3"}}},{"SurveyID":"SV_1QX9Se03fzIvRWZ","Element":"SQ","PrimaryAttribute":"QID21","SecondaryAttribute":"39. Mantenho contato frequente com meus amigos","TertiaryAttribute":null,"Payload":{"QuestionText":"<p>39. Mantenho contato frequente com meus amigos<\/p>","DefaultChoices":false,"DataExportTag":"Q39","QuestionType":"Matrix","Selector":"Likert","SubSelector":"SingleAnswer","DataVisibility":{"Private":false,"Hidden":false},"Configuration":{"QuestionDescriptionOption":"UseText","TextPosition":"above","ChoiceColumnWidth":25,"RepeatHeaders":"none","WhiteSpace":"OFF","MobileFirst":true},"QuestionDescription":"39. Mantenho contato frequente com meus amigos","Choices":{"1":{"Display":""}},"ChoiceOrder":[1],"Validation":{"Settings":{"ForceResponse":"OFF","ForceResponseType":"ON","Type":"None"}},"GradingData":[],"Language":[],"NextChoiceId":2,"NextAnswerId":8,"Answers":{"1":{"Display":"Discordo TOTALMENTE"},"2":{"Display":"Discordo parcialmente"},"3":{"Display":"Discordo levemente"},"4":{"Display":"N\u00e3o sei\/ n\u00e3o se aplica"},"5":{"Display":"Concordo levemente"},"6":{"Display":"Concordo parcialmente"},"7":{"Display":"Concordo totalmente"}},"AnswerOrder":[1,2,3,4,5,6,7],"ChoiceDataExportTags":{"1":"Q40_1"},"QuestionID":"QID21","RecodeValues":{"1":"-3","2":"-2","3":"-1","4":"0","5":"1","6":"2","7":"3"}}},{"SurveyID":"SV_1QX9Se03fzIvRWZ","Element":"SQ","PrimaryAttribute":"QID22","SecondaryAttribute":"39. Mantenho contato frequente com meus amigos","TertiaryAttribute":null,"Payload":{"QuestionText":"<p>39. Mantenho contato frequente com meus amigos<\/p>","DefaultChoices":false,"DataExportTag":"Q39","QuestionType":"Matrix","Selector":"Likert","SubSelector":"SingleAnswer","DataVisibility":{"Private":false,"Hidden":false},"Configuration":{"QuestionDescriptionOption":"UseText","TextPosition":"above","ChoiceColumnWidth":25,"RepeatHeaders":"none","WhiteSpace":"OFF","MobileFirst":true},"QuestionDescription":"39. Mantenho contato frequente com meus amigos","Choices":{"1":{"Display":""}},"ChoiceOrder":[1],"Validation":{"Settings":{"ForceResponse":"OFF","ForceResponseType":"ON","Type":"None"}},"GradingData":[],"Language":[],"NextChoiceId":2,"NextAnswerId":8,"Answers":{"1":{"Display":"Discordo TOTALMENTE"},"2":{"Display":"Discordo parcialmente"},"3":{"Display":"Discordo levemente"},"4":{"Display":"N\u00e3o sei\/ n\u00e3o se aplica"},"5":{"Display":"Concordo levemente"},"6":{"Display":"Concordo parcialmente"},"7":{"Display":"Concordo totalmente"}},"AnswerOrder":[1,2,3,4,5,6,7],"ChoiceDataExportTags":{"1":"Q41_1"},"QuestionID":"QID22","RecodeValues":{"1":"-3","2":"-2","3":"-1","4":"0","5":"1","6":"2","7":"3"}}},{"SurveyID":"SV_1QX9Se03fzIvRWZ","Element":"SQ","PrimaryAttribute":"QID36","SecondaryAttribute":"4. Qual sua profiss\u00e3o?","TertiaryAttribute":null,"Payload":{"QuestionText":"<p>4. Qual\nsua profiss\u00e3o?<o:p><\/o:p><\/p>","DefaultChoices":false,"DataExportTag":"Q4","QuestionType":"TE","Selector":"SL","Configuration":{"QuestionDescriptionOption":"UseText","AllowFreeResponse":"false"},"QuestionDescription":"4. Qual sua profiss\u00e3o?","Validation":{"Settings":{"ForceResponse":"OFF","ForceResponseType":"ON","Type":"None"}},"GradingData":[],"Language":[],"NextChoiceId":1,"NextAnswerId":1,"QuestionID":"QID36","DataVisibility":{"Private":false,"Hidden":false}}},{"SurveyID":"SV_1QX9Se03fzIvRWZ","Element":"SQ","PrimaryAttribute":"QID23","SecondaryAttribute":"40. Muitas vezes recebo ajuda e apoio emocional dos meus amigos","TertiaryAttribute":null,"Payload":{"QuestionText":"<p>40. Muitas vezes recebo ajuda e apoio emocional dos meus amigos<\/p>","DefaultChoices":false,"DataExportTag":"Q40","QuestionType":"Matrix","Selector":"Likert","SubSelector":"SingleAnswer","DataVisibility":{"Private":false,"Hidden":false},"Configuration":{"QuestionDescriptionOption":"UseText","TextPosition":"above","ChoiceColumnWidth":25,"RepeatHeaders":"none","WhiteSpace":"OFF","MobileFirst":true},"QuestionDescription":"40. Muitas vezes recebo ajuda e apoio emocional dos meus amigos","Choices":{"1":{"Display":""}},"ChoiceOrder":[1],"Validation":{"Settings":{"ForceResponse":"OFF","ForceResponseType":"ON","Type":"None"}},"GradingData":[],"Language":[],"NextChoiceId":2,"NextAnswerId":8,"Answers":{"1":{"Display":"Discordo TOTALMENTE"},"2":{"Display":"Discordo parcialmente"},"3":{"Display":"Discordo levemente"},"4":{"Display":"N\u00e3o sei\/ n\u00e3o se aplica"},"5":{"Display":"Concordo levemente"},"6":{"Display":"Concordo parcialmente"},"7":{"Display":"Concordo totalmente"}},"AnswerOrder":[1,2,3,4,5,6,7],"ChoiceDataExportTags":{"1":"Q42_1"},"QuestionID":"QID23","RecodeValues":{"1":"-3","2":"-2","3":"-1","4":"0","5":"1","6":"2","7":"3"}}},{"SurveyID":"SV_1QX9Se03fzIvRWZ","Element":"SQ","PrimaryAttribute":"QID37","SecondaryAttribute":"5. Qual sua fun\u00e7\u00e3o?","TertiaryAttribute":null,"Payload":{"QuestionText":"<p>5. Qual\nsua fun\u00e7\u00e3o?<o:p><\/o:p><\/p>","DefaultChoices":false,"DataExportTag":"Q5","QuestionType":"TE","Selector":"SL","DataVisibility":{"Private":false,"Hidden":false},"Configuration":{"QuestionDescriptionOption":"UseText","AllowFreeResponse":"false"},"QuestionDescription":"5. Qual sua fun\u00e7\u00e3o?","Validation":{"Settings":{"ForceResponse":"OFF","ForceResponseType":"ON","Type":"None"}},"GradingData":[],"Language":[],"NextChoiceId":1,"NextAnswerId":1,"QuestionID":"QID37"}},{"SurveyID":"SV_1QX9Se03fzIvRWZ","Element":"SQ","PrimaryAttribute":"QID38","SecondaryAttribute":"6. Qual seu sexo biol\u00f3gico?","TertiaryAttribute":null,"Payload":{"QuestionText":"<p>6. Qual\nseu sexo biol\u00f3gico?<o:p><\/o:p><\/p>","DefaultChoices":false,"DataExportTag":"Q6","QuestionType":"MC","Selector":"SAVR","SubSelector":"TX","DataVisibility":{"Private":false,"Hidden":false},"Configuration":{"QuestionDescriptionOption":"UseText"},"QuestionDescription":"6. Qual seu sexo biol\u00f3gico?","Choices":{"1":{"Display":"Masculino"},"2":{"Display":"Feminino"}},"ChoiceOrder":[1,2],"Validation":{"Settings":{"ForceResponse":"OFF","ForceResponseType":"ON","Type":"None"}},"GradingData":[],"Language":[],"NextChoiceId":3,"NextAnswerId":1,"QuestionID":"QID38"}},{"SurveyID":"SV_1QX9Se03fzIvRWZ","Element":"SQ","PrimaryAttribute":"QID39","SecondaryAttribute":"6.1 Voc\u00ea est\u00e1 gr\u00e1vida?","TertiaryAttribute":null,"Payload":{"QuestionText":"6.1 Voc\u00ea\nest\u00e1 gr\u00e1vida?","DefaultChoices":false,"DataExportTag":"Q6.1","QuestionType":"MC","Selector":"SAVR","SubSelector":"TX","DataVisibility":{"Private":false,"Hidden":false},"Configuration":{"QuestionDescriptionOption":"UseText"},"QuestionDescription":"6.1 Voc\u00ea est\u00e1 gr\u00e1vida?","Choices":{"1":{"Display":"N\u00e3o"},"2":{"Display":"Sim"},"3":{"Display":"Talvez"}},"ChoiceOrder":[1,2,3],"Validation":{"Settings":{"ForceResponse":"OFF","ForceResponseType":"ON","Type":"None"}},"GradingData":[],"Language":[],"NextChoiceId":4,"NextAnswerId":1,"QuestionID":"QID39","DisplayLogic":{"0":{"0":{"LogicType":"Question","QuestionID":"QID38","QuestionIsInLoop":"no","ChoiceLocator":"q:\/\/QID38\/SelectableChoice\/2","Operator":"Selected","QuestionIDFromLocator":"QID38","LeftOperand":"q:\/\/QID38\/SelectableChoice\/2","Type":"Expression","Description":"<span class=\"ConjDesc\">If<\/span> <span class=\"QuestionDesc\">6. Qual\nseu sexo biol\u00f3gico?&lt;o:p&gt;&lt;\/o:p&gt;<\/span> <span class=\"LeftOpDesc\">Feminino<\/span> <span class=\"OpDesc\">Is Selected<\/span> "},"Type":"If"},"Type":"BooleanExpression","inPage":false}}},{"SurveyID":"SV_1QX9Se03fzIvRWZ","Element":"SQ","PrimaryAttribute":"QID40","SecondaryAttribute":"6.2 Qual foi o dia e m\u00eas da sua \u00faltima menstrua\u00e7\u00e3o? Se voc\u00ea tomar algum tipo de medicamento que","TertiaryAttribute":null,"Payload":{"QuestionText":"<p>6.2 Qual\nfoi o dia e m\u00eas da sua \u00faltima menstrua\u00e7\u00e3o? Se voc\u00ea tomar algum tipo de\nmedicamento que evite menstrua\u00e7\u00e3o mensal, por favor, escreva ZERO.<o:p><\/o:p><\/p>","DefaultChoices":false,"DataExportTag":"Q6.2","QuestionType":"TE","Selector":"SL","DataVisibility":{"Private":false,"Hidden":false},"Configuration":{"QuestionDescriptionOption":"UseText","InputWidth":123,"InputHeight":29,"AllowFreeResponse":"false"},"QuestionDescription":"6.2 Qual foi o dia e m\u00eas da sua \u00faltima menstrua\u00e7\u00e3o? Se voc\u00ea tomar algum tipo de medicamento que e...","DisplayLogic":{"0":{"0":{"LogicType":"Question","QuestionID":"QID38","QuestionIsInLoop":"no","ChoiceLocator":"q:\/\/QID38\/SelectableChoice\/2","Operator":"Selected","QuestionIDFromLocator":"QID38","LeftOperand":"q:\/\/QID38\/SelectableChoice\/2","Type":"Expression","Description":"<span class=\"ConjDesc\">If<\/span> <span class=\"QuestionDesc\">6. Qual\nseu sexo biol\u00f3gico?&lt;o:p&gt;&lt;\/o:p&gt;<\/span> <span class=\"LeftOpDesc\">Feminino<\/span> <span class=\"OpDesc\">Is Selected<\/span> "},"Type":"If"},"Type":"BooleanExpression","inPage":false},"Validation":{"Settings":{"ForceResponse":"OFF","ForceResponseType":"ON","Type":"None","ContentType":null,"ValidDateType":"DateAltFormat","ValidPhoneType":"ValidUSPhone","ValidZipType":"ValidUSZip"}},"GradingData":[],"Language":[],"NextChoiceId":4,"NextAnswerId":1,"QuestionID":"QID40"}},{"SurveyID":"SV_1QX9Se03fzIvRWZ","Element":"SQ","PrimaryAttribute":"QID41","SecondaryAttribute":"6.3 Seu ciclo \u00e9 regular?","TertiaryAttribute":null,"Payload":{"QuestionText":"<p>6.3 Seu\nciclo \u00e9 regular?<o:p><\/o:p><\/p>","DefaultChoices":false,"DataExportTag":"Q6.3","QuestionType":"MC","Selector":"SAVR","SubSelector":"TX","DataVisibility":{"Private":false,"Hidden":false},"Configuration":{"QuestionDescriptionOption":"UseText"},"QuestionDescription":"6.3 Seu ciclo \u00e9 regular?","Choices":{"1":{"Display":"N\u00e3o"},"2":{"Display":"Sim"}},"DisplayLogic":{"0":{"0":{"LogicType":"Question","QuestionID":"QID38","QuestionIsInLoop":"no","ChoiceLocator":"q:\/\/QID38\/SelectableChoice\/2","Operator":"Selected","QuestionIDFromLocator":"QID38","LeftOperand":"q:\/\/QID38\/SelectableChoice\/2","Type":"Expression","Description":"<span class=\"ConjDesc\">If<\/span> <span class=\"QuestionDesc\">6. Qual\nseu sexo biol\u00f3gico?&lt;o:p&gt;&lt;\/o:p&gt;<\/span> <span class=\"LeftOpDesc\">Feminino<\/span> <span class=\"OpDesc\">Is Selected<\/span> "},"Type":"If"},"Type":"BooleanExpression","inPage":false},"ChoiceOrder":[1,2],"Validation":{"Settings":{"ForceResponse":"OFF","ForceResponseType":"ON","Type":"None"}},"GradingData":[],"Language":[],"NextChoiceId":3,"NextAnswerId":1,"QuestionID":"QID41","DynamicChoicesData":[]}},{"SurveyID":"SV_1QX9Se03fzIvRWZ","Element":"SQ","PrimaryAttribute":"QID42","SecondaryAttribute":"6.3.1 Em m\u00e9dia, voc\u00ea menstrua de quantos em quantos dias?","TertiaryAttribute":null,"Payload":{"QuestionText":"6.3.1&nbsp; Em\nm\u00e9dia, voc\u00ea menstrua de quantos em quantos dias?","DefaultChoices":false,"DataExportTag":"Q6.3.1","QuestionType":"MC","Selector":"SAVR","SubSelector":"TX","DataVisibility":{"Private":false,"Hidden":false},"Configuration":{"QuestionDescriptionOption":"UseText"},"QuestionDescription":"6.3.1 Em m\u00e9dia, voc\u00ea menstrua de quantos em quantos dias?","Choices":{"1":{"Display":"menos de 25 dias"},"2":{"Display":"25"},"3":{"Display":"26"},"4":{"Display":"27"},"5":{"Display":"28"},"6":{"Display":"29"},"7":{"Display":"30"},"8":{"Display":"31"},"9":{"Display":"32"},"10":{"Display":"33"},"11":{"Display":"34"},"12":{"Display":"35"},"13":{"Display":"mais de 35 dias"}},"ChoiceOrder":[1,2,3,4,5,6,7,8,9,10,11,12,13],"Validation":{"Settings":{"ForceResponse":"OFF","ForceResponseType":"ON","Type":"None"}},"GradingData":[],"Language":[],"NextChoiceId":14,"NextAnswerId":1,"QuestionID":"QID42","InPageDisplayLogic":{"0":{"0":{"QuestionID":"QID38","QuestionIsInLoop":"no","ChoiceLocator":"q:\/\/QID38\/SelectableChoice\/2","Operator":"Selected","QuestionIDFromLocator":"QID38","LeftOperand":"q:\/\/QID38\/SelectableChoice\/2","Type":"Expression","LogicType":"Question","Description":"<span class=\"ConjDesc\">If<\/span> <span class=\"QuestionDesc\">6. Qual\nseu sexo biol\u00f3gico?&lt;o:p&gt;&lt;\/o:p&gt;<\/span> <span class=\"LeftOpDesc\">Feminino<\/span> <span class=\"OpDesc\">Is Selected<\/span> "},"1":{"QuestionID":"QID41","QuestionIsInLoop":"no","ChoiceLocator":"q:\/\/QID41\/SelectableChoice\/2","Operator":"Selected","QuestionIDFromLocator":"QID41","LeftOperand":"q:\/\/QID41\/SelectableChoice\/2","Type":"Expression","LogicType":"Question","Description":"<span class=\"ConjDesc\">And<\/span> <span class=\"QuestionDesc\">6.3 Seu\nciclo \u00e9 regular?&lt;o:p&gt;&lt;\/o:p&gt;<\/span> <span class=\"LeftOpDesc\">Sim<\/span> <span class=\"OpDesc\">Is Selected<\/span> ","Conjuction":"And"},"Type":"If"},"Type":"BooleanExpression","inPage":true}}},{"SurveyID":"SV_1QX9Se03fzIvRWZ","Element":"SQ","PrimaryAttribute":"QID44","SecondaryAttribute":"6.4.1 Qual o nome do rem\u00e9dio?","TertiaryAttribute":null,"Payload":{"QuestionText":"6.4.1&nbsp; Qual o\nnome do rem\u00e9dio?","DefaultChoices":false,"DataExportTag":"Q6.4.1","QuestionID":"QID44","QuestionType":"TE","Selector":"SL","DataVisibility":{"Private":false,"Hidden":false},"Configuration":{"QuestionDescriptionOption":"UseText","AllowFreeResponse":"false"},"QuestionDescription":"6.4.1 Qual o nome do rem\u00e9dio?","InPageDisplayLogic":{"0":{"0":{"QuestionID":"QID38","QuestionIsInLoop":"no","ChoiceLocator":"q:\/\/QID38\/SelectableChoice\/2","Operator":"Selected","QuestionIDFromLocator":"QID38","LeftOperand":"q:\/\/QID38\/SelectableChoice\/2","Type":"Expression","LogicType":"Question","Description":"<span class=\"ConjDesc\">If<\/span> <span class=\"QuestionDesc\">6. Qual seu sexo biol\u00f3gico?<\/span> <span class=\"LeftOpDesc\">Feminino<\/span> <span class=\"OpDesc\">Is Selected<\/span> "},"1":{"QuestionID":"QID43","QuestionIsInLoop":"no","ChoiceLocator":"q:\/\/QID43\/SelectableChoice\/2","Operator":"Selected","QuestionIDFromLocator":"QID43","LeftOperand":"q:\/\/QID43\/SelectableChoice\/2","Type":"Expression","LogicType":"Question","Description":"<span class=\"ConjDesc\">And<\/span> <span class=\"QuestionDesc\">6.4&amp;nbsp; Voc\u00ea\ntoma algum tipo de contraceptivo?&lt;o:p&gt;&lt;\/o:p&gt;<\/span> <span class=\"LeftOpDesc\">Sim<\/span> <span class=\"OpDesc\">Is Selected<\/span> ","Conjuction":"And"},"Type":"If"},"Type":"BooleanExpression","inPage":true},"Validation":{"Settings":{"ForceResponse":"OFF","ForceResponseType":"ON","Type":"None"}},"GradingData":[],"Language":[],"NextChoiceId":1,"NextAnswerId":1}},{"SurveyID":"SV_1QX9Se03fzIvRWZ","Element":"SQ","PrimaryAttribute":"QID43","SecondaryAttribute":"6.4\u00a0 Voc\u00ea toma algum tipo de contraceptivo?","TertiaryAttribute":null,"Payload":{"QuestionText":"<p>6.4&nbsp; Voc\u00ea\ntoma algum tipo de contraceptivo?<o:p><\/o:p><\/p>","DefaultChoices":false,"DataExportTag":"Q6.4","QuestionType":"MC","Selector":"SAVR","SubSelector":"TX","DataVisibility":{"Private":false,"Hidden":false},"Configuration":{"QuestionDescriptionOption":"UseText"},"QuestionDescription":"6.4\u00a0 Voc\u00ea toma algum tipo de contraceptivo?","Choices":{"1":{"Display":"N\u00e3o"},"2":{"Display":"Sim"}},"ChoiceOrder":[1,2],"Validation":{"Settings":{"ForceResponse":"OFF","ForceResponseType":"ON","Type":"None"}},"GradingData":[],"Language":[],"NextChoiceId":3,"NextAnswerId":1,"QuestionID":"QID43","DisplayLogic":{"0":{"0":{"LogicType":"Question","QuestionID":"QID38","QuestionIsInLoop":"no","ChoiceLocator":"q:\/\/QID38\/SelectableChoice\/2","Operator":"Selected","QuestionIDFromLocator":"QID38","LeftOperand":"q:\/\/QID38\/SelectableChoice\/2","Type":"Expression","Description":"<span class=\"ConjDesc\">If<\/span> <span class=\"QuestionDesc\">6. Qual\nseu sexo biol\u00f3gico?&lt;o:p&gt;&lt;\/o:p&gt;<\/span> <span class=\"LeftOpDesc\">Feminino<\/span> <span class=\"OpDesc\">Is Selected<\/span> "},"Type":"If"},"Type":"BooleanExpression","inPage":false}}},{"SurveyID":"SV_1QX9Se03fzIvRWZ","Element":"QC","PrimaryAttribute":"Survey Question Count","SecondaryAttribute":"66","TertiaryAttribute":null,"Payload":null},{"SurveyID":"SV_1QX9Se03fzIvRWZ","Element":"SQ","PrimaryAttribute":"QID45","SecondaryAttribute":"7. Qual sua orienta\u00e7\u00e3o sexual?","TertiaryAttribute":null,"Payload":{"QuestionText":"<p>7. Qual\nsua orienta\u00e7\u00e3o sexual?<o:p><\/o:p><\/p>","DefaultChoices":false,"DataExportTag":"Q7","QuestionType":"MC","Selector":"SAVR","SubSelector":"TX","Configuration":{"QuestionDescriptionOption":"UseText"},"QuestionDescription":"7. Qual sua orienta\u00e7\u00e3o sexual?","Choices":{"1":{"Display":"Heterossexual"},"2":{"Display":"Homossexual"},"3":{"Display":"Bissexual"},"4":{"Display":"Transexual"}},"ChoiceOrder":[1,2,3,4],"Validation":{"Settings":{"ForceResponse":"OFF","ForceResponseType":"ON","Type":"None"}},"GradingData":[],"Language":[],"NextChoiceId":5,"NextAnswerId":1,"QuestionID":"QID45","DataVisibility":{"Private":false,"Hidden":false}}},{"SurveyID":"SV_1QX9Se03fzIvRWZ","Element":"SQ","PrimaryAttribute":"QID46","SecondaryAttribute":"8. Qual sua idade em anos? (n\u00famero)","TertiaryAttribute":null,"Payload":{"QuestionText":"8. Qual\nsua idade em anos?&nbsp; (n\u00famero)","DefaultChoices":false,"DataExportTag":"Q8","QuestionID":"QID46","QuestionType":"TE","Selector":"SL","DataVisibility":{"Private":false,"Hidden":false},"Configuration":{"QuestionDescriptionOption":"UseText","InputWidth":81,"InputHeight":29,"AllowFreeResponse":"false"},"QuestionDescription":"8. Qual sua idade em anos? (n\u00famero)","Validation":{"Settings":{"ForceResponse":"OFF","ForceResponseType":"ON","Type":"ContentType","MinChars":"1","TotalChars":"2","ContentType":"ValidNumber","ValidDateType":"DateWithFormat","ValidPhoneType":"ValidUSPhone","ValidZipType":"ValidUSZip"}},"GradingData":[],"Language":[],"NextChoiceId":1,"NextAnswerId":2}},{"SurveyID":"SV_1QX9Se03fzIvRWZ","Element":"SQ","PrimaryAttribute":"QID47","SecondaryAttribute":"9. Voc\u00ea est\u00e1 passando por um per\u00edodo de estresse?","TertiaryAttribute":null,"Payload":{"QuestionText":"<p>9. Voc\u00ea est\u00e1\npassando por um per\u00edodo de estresse?<o:p><\/o:p><\/p>","DefaultChoices":false,"DataExportTag":"Q9","QuestionType":"MC","Selector":"SAVR","SubSelector":"TX","Configuration":{"QuestionDescriptionOption":"UseText"},"QuestionDescription":"9. Voc\u00ea est\u00e1 passando por um per\u00edodo de estresse?","Choices":{"1":{"Display":"N\u00e3o"},"2":{"Display":"Sim"}},"ChoiceOrder":[1,2],"Validation":{"Settings":{"ForceResponse":"OFF","ForceResponseType":"ON","Type":"None"}},"GradingData":[],"Language":[],"NextChoiceId":3,"NextAnswerId":1,"QuestionID":"QID47","DataVisibility":{"Private":false,"Hidden":false}}},{"SurveyID":"SV_1QX9Se03fzIvRWZ","Element":"SQ","PrimaryAttribute":"QID48","SecondaryAttribute":"9.1 Voc\u00ea considera que seu n\u00edvel de estresse \u00e9","TertiaryAttribute":null,"Payload":{"QuestionText":"9.1&nbsp; Voc\u00ea\nconsidera que seu n\u00edvel de estresse \u00e9","DefaultChoices":false,"DataExportTag":"Q9.1","QuestionType":"MC","Selector":"SAHR","SubSelector":"TX","DataVisibility":{"Private":false,"Hidden":false},"Configuration":{"QuestionDescriptionOption":"UseText","LabelPosition":"BELOW"},"QuestionDescription":"9.1 Voc\u00ea considera que seu n\u00edvel de estresse \u00e9","Choices":{"1":{"Display":"Muito baixo"},"2":{"Display":"Baixo"},"3":{"Display":"M\u00e9dio"},"4":{"Display":"Muito alto"},"5":{"Display":"Alto"}},"ChoiceOrder":[1,2,3,4,5],"Validation":{"Settings":{"ForceResponse":"OFF","ForceResponseType":"ON","Type":"None"}},"GradingData":[],"Language":[],"NextChoiceId":6,"NextAnswerId":1,"QuestionID":"QID48","InPageDisplayLogic":{"0":{"0":{"QuestionID":"QID47","QuestionIsInLoop":"no","ChoiceLocator":"q:\/\/QID47\/SelectableChoice\/2","Operator":"Selected","QuestionIDFromLocator":"QID47","LeftOperand":"q:\/\/QID47\/SelectableChoice\/2","Type":"Expression","LogicType":"Question","Description":"<span class=\"ConjDesc\">If<\/span> <span class=\"QuestionDesc\">9. Voc\u00ea est\u00e1\npassando por um per\u00edodo de estresse?&lt;o:p&gt;&lt;\/o:p&gt;<\/span> <span class=\"LeftOpDesc\">Sim<\/span> <span class=\"OpDesc\">Is Selected<\/span> "},"Type":"If"},"Type":"BooleanExpression","inPage":true}}},{"SurveyID":"SV_1QX9Se03fzIvRWZ","Element":"SQ","PrimaryAttribute":"QID50","SecondaryAttribute":"Click to write the question text","TertiaryAttribute":null,"Payload":{"QuestionText":"Click to write the question text","DefaultChoices":false,"DataExportTag":"Q39","QuestionType":"TE","Selector":"SL","Configuration":{"QuestionDescriptionOption":"UseText","AllowFreeResponse":"false"},"QuestionDescription":"Click to write the question text","Validation":{"Settings":{"ForceResponse":"OFF","ForceResponseType":"ON","Type":"None"}},"GradingData":[],"Language":[],"NextChoiceId":4,"NextAnswerId":1,"QuestionID":"QID50"}},{"SurveyID":"SV_1QX9Se03fzIvRWZ","Element":"RS","PrimaryAttribute":"RS_dgsnbqtts12f5nn","SecondaryAttribute":"Default Response Set","TertiaryAttribute":null,"Payload":null},{"SurveyID":"SV_1QX9Se03fzIvRWZ","Element":"SQ","PrimaryAttribute":"QID31","SecondaryAttribute":"Esta pesquisa faz parte de um estudo que envolve a Universidade Estadual do Cear\u00e1 (UECE), a Funda..","TertiaryAttribute":null,"Payload":{"QuestionText":"<p>Esta pesquisa faz parte de um estudo que envolve a Universidade Estadual do\nCear\u00e1 (UECE), a Funda\u00e7\u00e3o Get\u00falio Vargas de S\u00e3o Paulo (FGV-SP) e a HEC-Montreal.\nSua participa\u00e7\u00e3o honesta e atenta \u00e9 muito importante para os resultados desta\npesquisa. Desde j\u00e1, agradecemos a sua colabora\u00e7\u00e3o em responder com sinceridade a\neste question\u00e1rio.<o:p><\/o:p><\/p><p><br><\/p><p><br><\/p>\n\nTodas as respostas s\u00e3o confidenciais e ningu\u00e9m, nem\nmesmo os pesquisadores, saber\u00e1 quem respondeu a cada question\u00e1rio. Nosso\ninteresse \u00e9 correlacionar alguns fatores biol\u00f3gicos e de hist\u00f3ria de vida \u00e0\npesquisa em andamento. Por favor, responda as quest\u00f5es que seguem:","DefaultChoices":false,"DataExportTag":"","QuestionID":"QID31","QuestionType":"DB","Selector":"TB","Configuration":{"QuestionDescriptionOption":"UseText"},"QuestionDescription":"Esta pesquisa faz parte de um estudo que envolve a Universidade Estadual do Cear\u00e1 (UECE), a Funda...","ChoiceOrder":[],"Validation":{"Settings":{"Type":"None"}},"GradingData":[],"Language":[],"NextChoiceId":1,"NextAnswerId":1,"DataVisibility":{"Private":false,"Hidden":false}}},{"SurveyID":"SV_1QX9Se03fzIvRWZ","Element":"SQ","PrimaryAttribute":"QID29","SecondaryAttribute":"Por favor, d\u00ea uma nota \u00e0s 20 senten\u00e7as a seguir e indique em uma escala de \u201c-3\u201d a \u201c+3\u201d se","TertiaryAttribute":null,"Payload":{"QuestionText":"<p><span lang=\"PT\">Por favor, d\u00ea uma nota \u00e0s 20 senten\u00e7as a seguir e indique em uma escala de \u201c-3\u201d\na \u201c+3\u201d seu grau de concord\u00e2ncia ou discord\u00e2ncia; onde -3 indica que voc\u00ea discorda\ntotalmente; -2 indica que voc\u00ea discorda parcialmente; -1 indica que voc\u00ea\ndiscorda levemente; \u201c0\u201d (zero) indica que voc\u00ea n\u00e3o sabe responder ou caso a\nfrase n\u00e3o se aplique a voc\u00ea. Por exemplo, se voc\u00ea n\u00e3o tem filhos e na senten\u00e7a\nh\u00e1 algo relativo a filhos, voc\u00ea marca \u201c0\u201d (zero); +1 indica que voc\u00ea concorda\nlevemente; +2 indica que voc\u00ea concorda parcialmente e +3 indica que voc\u00ea\nconcorda totalmente. <o:p><\/o:p><\/span><\/p><p><span lang=\"PT\"><br><\/span><\/p>\n\n<p><strong><span lang=\"PT\">Lembre-se: caso alguma frase\nn\u00e3o se aplique a voc\u00ea, marque \u201c0\u201d (zero).&nbsp;<\/span><\/strong><\/p><p><strong><span lang=\"PT\">Por exemplo,se na senten\u00e7a tiver algo relacionado a filhos e voc\u00ea n\u00e3o tiver filhos, marque \"0\" (zero)<o:p><\/o:p><\/span><\/strong><\/p><p><strong><span lang=\"PT\"><br><\/span><\/strong><\/p><p><strong><span lang=\"PT\"><br><\/span><\/strong><\/p><div>\n\n<table class=\"UserTable\">\n <tbody><tr>\n  <td>\n  <p><strong><span lang=\"PT\" style=\"font-size:8.0pt;mso-ansi-language:PT\">Discordo TOTALMENTE<o:p><\/o:p><\/span><\/strong><\/p>\n  <\/td>\n  <td>\n  <p><strong><span lang=\"PT\" style=\"font-size:8.0pt;mso-ansi-language:PT\">Discordo parcialmente<o:p><\/o:p><\/span><\/strong><\/p>\n  <\/td>\n  <td>\n  <p><strong><span lang=\"PT\" style=\"font-size:8.0pt;mso-ansi-language:PT\">Discordo levemente<o:p><\/o:p><\/span><\/strong><\/p>\n  <\/td>\n  <td>\n  <p><strong><span lang=\"PT\" style=\"font-size:8.0pt;mso-ansi-language:PT\">N\u00e3o sei\/ n\u00e3o se aplica<o:p><\/o:p><\/span><\/strong><\/p>\n  <\/td>\n  <td>\n  <p><strong><span lang=\"PT\" style=\"font-size:8.0pt;mso-ansi-language:PT\">Concordo levemente<o:p><\/o:p><\/span><\/strong><\/p>\n  <\/td>\n  <td>\n  <p><strong><span lang=\"PT\" style=\"font-size:8.0pt;mso-ansi-language:PT\">Concordo parcialmente<o:p><\/o:p><\/span><\/strong><\/p>\n  <\/td>\n  <td>\n  <p><strong><span lang=\"PT\" style=\"font-size:8.0pt;mso-ansi-language:PT\">Concordo totalmente<o:p><\/o:p><\/span><\/strong><\/p>\n  <\/td>\n <\/tr>\n <tr>\n  <td>\n  <p><strong><span lang=\"PT\" style=\"font-size:8.0pt;mso-ansi-language:PT\">-3<o:p><\/o:p><\/span><\/strong><\/p>\n  <\/td>\n  <td>\n  <p><strong><span lang=\"PT\" style=\"font-size:8.0pt;mso-ansi-language:PT\">-2<o:p><\/o:p><\/span><\/strong><\/p>\n  <\/td>\n  <td>\n  <p><strong><span lang=\"PT\" style=\"font-size:8.0pt;mso-ansi-language:PT\">-1<o:p><\/o:p><\/span><\/strong><\/p>\n  <\/td>\n  <td>\n  <p><strong><span lang=\"PT\" style=\"font-size:8.0pt;mso-ansi-language:PT\">0<o:p><\/o:p><\/span><\/strong><\/p>\n  <\/td>\n  <td>\n  <p><strong><span lang=\"PT\" style=\"font-size:8.0pt;mso-ansi-language:PT\">+1<o:p><\/o:p><\/span><\/strong><\/p>\n  <\/td>\n  <td>\n  <p><strong><span lang=\"PT\" style=\"font-size:8.0pt;mso-ansi-language:PT\">+2<o:p><\/o:p><\/span><\/strong><\/p>\n  <\/td>\n  <td>\n  <p><strong><span lang=\"PT\" style=\"font-size:8.0pt;mso-ansi-language:PT\">+3<o:p><\/o:p><\/span><\/strong><\/p>\n  <\/td>\n <\/tr>\n<\/tbody><\/table>\n\n<\/div>","DefaultChoices":false,"DataExportTag":"","QuestionType":"DB","Selector":"TB","Configuration":{"QuestionDescriptionOption":"UseText"},"QuestionDescription":"Por favor, d\u00ea uma nota \u00e0s 20 senten\u00e7as a seguir e indique em uma escala de \u201c-3\u201d a \u201c+3\u201d seu grau d...","ChoiceOrder":[],"Validation":{"Settings":{"Type":"None"}},"GradingData":[],"Language":[],"NextChoiceId":1,"NextAnswerId":1,"QuestionID":"QID29","DataVisibility":{"Private":false,"Hidden":false}}},{"SurveyID":"SV_1QX9Se03fzIvRWZ","Element":"SQ","PrimaryAttribute":"QID32","SecondaryAttribute":"Qual sua escolaridade","TertiaryAttribute":null,"Payload":{"QuestionText":"Qual\nsua escolaridade","DefaultChoices":false,"DataExportTag":"Q21","QuestionID":"QID32","QuestionType":"MC","Selector":"MAVR","SubSelector":"TX","Configuration":{"QuestionDescriptionOption":"UseText","NumColumns":2},"QuestionDescription":"Qual sua escolaridade","Choices":{"1":{"Display":"1\u00ba. Grau incompleto","ExclusiveAnswer":true},"2":{"Display":"1\u00ba. Grau completo"},"3":{"Display":"2\u00ba. Grau incompleto","ExclusiveAnswer":true},"4":{"Display":"2\u00ba. Grau completo","ExclusiveAnswer":true}},"ChoiceOrder":[1,2,3,4],"Validation":{"Settings":{"ForceResponse":"OFF","ForceResponseType":"ON","Type":"None"}},"GradingData":[],"Language":[],"NextChoiceId":5,"NextAnswerId":1,"ChoiceGroups":{"cg_1":{"ChoiceGroupOrder":[],"GroupLabel":"Group","Options":[]},"cg_2":{"ChoiceGroupOrder":[],"GroupLabel":"Group","Options":[]}},"ChoiceGroupOrder":["cg_1",1,2,"cg_2",3,4],"DataVisibility":{"Private":false,"Hidden":false}}},{"SurveyID":"SV_1QX9Se03fzIvRWZ","Element":"SQ","PrimaryAttribute":"QID30","SecondaryAttribute":"teste","TertiaryAttribute":null,"Payload":{"QuestionText":"teste","DefaultChoices":false,"DataExportTag":"Q30","QuestionType":"DB","Selector":"TB","Configuration":{"QuestionDescriptionOption":"UseText"},"QuestionDescription":"teste","ChoiceOrder":[],"Validation":{"Settings":{"Type":"None"}},"GradingData":[],"Language":[],"NextChoiceId":4,"NextAnswerId":1,"QuestionID":"QID30"}},{"SurveyID":"SV_1QX9Se03fzIvRWZ","Element":"SQ","PrimaryAttribute":"QID66","SecondaryAttribute":"Voc\u00ea toma algum tipo de contraceptivo?","TertiaryAttribute":null,"Payload":{"QuestionText":"<p>Voc\u00ea\ntoma algum tipo de contraceptivo?<o:p><\/o:p><\/p>","DataExportTag":"Q6.4","QuestionType":"MC","Selector":"SAVR","SubSelector":"TX","Configuration":{"QuestionDescriptionOption":"UseText"},"QuestionDescription":"Voc\u00ea toma algum tipo de contraceptivo?","Choices":{"1":{"Display":"N\u00e3o"},"2":{"Display":"Sim"}},"ChoiceOrder":[1,2],"Validation":{"Settings":{"ForceResponse":"OFF","ForceResponseType":"ON","Type":"None"}},"Language":[],"NextChoiceId":3,"NextAnswerId":1,"QuestionID":"QID66"}}]}